
Microsoft Visual Studio Solution File, Format Version 12.00
# Visual Studio Version 17
VisualStudioVersion = 17.3.32825.248
MinimumVisualStudioVersion = 10.0.40219.1
Project("{FAE04EC0-301F-11D3-BF4B-00C04F79EFBC}") = "burgerbuddy", "burgerbuddy.csproj", "{4B3BAA10-E0C1-4DE1-96B4-C51BBEEB3460}"
EndProject
Global
	GlobalSection(SolutionConfigurationPlatforms) = preSolution
		Debug|Any CPU = Debug|Any CPU
		Release|Any CPU = Release|Any CPU
	EndGlobalSection
	GlobalSection(ProjectConfigurationPlatforms) = postSolution
		{4B3BAA10-E0C1-4DE1-96B4-C51BBEEB3460}.Debug|Any CPU.ActiveCfg = Debug|Any CPU
		{4B3BAA10-E0C1-4DE1-96B4-C51BBEEB3460}.Debug|Any CPU.Build.0 = Debug|Any CPU
		{4B3BAA10-E0C1-4DE1-96B4-C51BBEEB3460}.Release|Any CPU.ActiveCfg = Release|Any CPU
		{4B3BAA10-E0C1-4DE1-96B4-C51BBEEB3460}.Release|Any CPU.Build.0 = Release|Any CPU
	EndGlobalSection
	GlobalSection(SolutionProperties) = preSolution
		HideSolutionNode = FALSE
	EndGlobalSection
	GlobalSection(ExtensibilityGlobals) = postSolution
		SolutionGuid = {EB4428C2-32B6-4CEB-8C38-FFA559206BB7}
	EndGlobalSection
EndGlobal
